
Microsoft Visual Studio Solution File, Format Version 12.00
# Visual Studio Version 17
VisualStudioVersion = 17.3.32811.315
MinimumVisualStudioVersion = 10.0.40219.1
Project("{FAE04EC0-301F-11D3-BF4B-00C04F79EFBC}") = "FormBasedSecurity", "FormBasedSecurity\FormBasedSecurity.csproj", "{78058B22-7153-41AA-BAFE-5F3BCACE152B}"
EndProject
Global
	GlobalSection(SolutionConfigurationPlatforms) = preSolution
		Debug|Any CPU = Debug|Any CPU
		Release|Any CPU = Release|Any CPU
	EndGlobalSection
	GlobalSection(ProjectConfigurationPlatforms) = postSolution
		{78058B22-7153-41AA-BAFE-5F3BCACE152B}.Debug|Any CPU.ActiveCfg = Debug|Any CPU
		{78058B22-7153-41AA-BAFE-5F3BCACE152B}.Debug|Any CPU.Build.0 = Debug|Any CPU
		{78058B22-7153-41AA-BAFE-5F3BCACE152B}.Release|Any CPU.ActiveCfg = Release|Any CPU
		{78058B22-7153-41AA-BAFE-5F3BCACE152B}.Release|Any CPU.Build.0 = Release|Any CPU
	EndGlobalSection
	GlobalSection(SolutionProperties) = preSolution
		HideSolutionNode = FALSE
	EndGlobalSection
	GlobalSection(ExtensibilityGlobals) = postSolution
		SolutionGuid = {2766DDBA-4CCB-48C5-B662-57C984B98D9D}
	EndGlobalSection
EndGlobal
