
Microsoft Visual Studio Solution File, Format Version 12.00
# Visual Studio Version 17
VisualStudioVersion = 17.3.32811.315
MinimumVisualStudioVersion = 10.0.40219.1
Project("{FAE04EC0-301F-11D3-BF4B-00C04F79EFBC}") = "APIAssignment", "APIAssignment\APIAssignment.csproj", "{08AE5130-A7FD-4049-AC72-BA5924DF17ED}"
EndProject
Global
	GlobalSection(SolutionConfigurationPlatforms) = preSolution
		Debug|Any CPU = Debug|Any CPU
		Release|Any CPU = Release|Any CPU
	EndGlobalSection
	GlobalSection(ProjectConfigurationPlatforms) = postSolution
		{08AE5130-A7FD-4049-AC72-BA5924DF17ED}.Debug|Any CPU.ActiveCfg = Debug|Any CPU
		{08AE5130-A7FD-4049-AC72-BA5924DF17ED}.Debug|Any CPU.Build.0 = Debug|Any CPU
		{08AE5130-A7FD-4049-AC72-BA5924DF17ED}.Release|Any CPU.ActiveCfg = Release|Any CPU
		{08AE5130-A7FD-4049-AC72-BA5924DF17ED}.Release|Any CPU.Build.0 = Release|Any CPU
	EndGlobalSection
	GlobalSection(SolutionProperties) = preSolution
		HideSolutionNode = FALSE
	EndGlobalSection
	GlobalSection(ExtensibilityGlobals) = postSolution
		SolutionGuid = {BA2FF72C-C0BD-456C-A96F-3B7D2B7AC903}
	EndGlobalSection
EndGlobal
