
Microsoft Visual Studio Solution File, Format Version 12.00
# Visual Studio Version 17
VisualStudioVersion = 17.3.32811.315
MinimumVisualStudioVersion = 10.0.40219.1
Project("{54A90642-561A-4BB1-A94E-469ADEE60C69}") = "reactbasics", "ReactBasics\reactbasics.esproj", "{0CC961F3-1175-4CEE-A507-D95C9977FE44}"
EndProject
Global
	GlobalSection(SolutionConfigurationPlatforms) = preSolution
		Debug|Any CPU = Debug|Any CPU
		Release|Any CPU = Release|Any CPU
	EndGlobalSection
	GlobalSection(ProjectConfigurationPlatforms) = postSolution
		{0CC961F3-1175-4CEE-A507-D95C9977FE44}.Debug|Any CPU.ActiveCfg = Debug|Any CPU
		{0CC961F3-1175-4CEE-A507-D95C9977FE44}.Debug|Any CPU.Build.0 = Debug|Any CPU
		{0CC961F3-1175-4CEE-A507-D95C9977FE44}.Debug|Any CPU.Deploy.0 = Debug|Any CPU
		{0CC961F3-1175-4CEE-A507-D95C9977FE44}.Release|Any CPU.ActiveCfg = Release|Any CPU
		{0CC961F3-1175-4CEE-A507-D95C9977FE44}.Release|Any CPU.Build.0 = Release|Any CPU
		{0CC961F3-1175-4CEE-A507-D95C9977FE44}.Release|Any CPU.Deploy.0 = Release|Any CPU
	EndGlobalSection
	GlobalSection(SolutionProperties) = preSolution
		HideSolutionNode = FALSE
	EndGlobalSection
	GlobalSection(ExtensibilityGlobals) = postSolution
		SolutionGuid = {468F1F41-F812-421B-AF19-E3D85DEEC235}
	EndGlobalSection
EndGlobal
