
Microsoft Visual Studio Solution File, Format Version 12.00
# Visual Studio Version 17
VisualStudioVersion = 17.3.32811.315
MinimumVisualStudioVersion = 10.0.40219.1
Project("{FAE04EC0-301F-11D3-BF4B-00C04F79EFBC}") = "localbusinesswebapi", "localbusinesswebapi\localbusinesswebapi.csproj", "{0415D83A-FF82-4B8F-9423-5429952B1594}"
EndProject
Global
	GlobalSection(SolutionConfigurationPlatforms) = preSolution
		Debug|Any CPU = Debug|Any CPU
		Release|Any CPU = Release|Any CPU
	EndGlobalSection
	GlobalSection(ProjectConfigurationPlatforms) = postSolution
		{0415D83A-FF82-4B8F-9423-5429952B1594}.Debug|Any CPU.ActiveCfg = Debug|Any CPU
		{0415D83A-FF82-4B8F-9423-5429952B1594}.Debug|Any CPU.Build.0 = Debug|Any CPU
		{0415D83A-FF82-4B8F-9423-5429952B1594}.Release|Any CPU.ActiveCfg = Release|Any CPU
		{0415D83A-FF82-4B8F-9423-5429952B1594}.Release|Any CPU.Build.0 = Release|Any CPU
	EndGlobalSection
	GlobalSection(SolutionProperties) = preSolution
		HideSolutionNode = FALSE
	EndGlobalSection
	GlobalSection(ExtensibilityGlobals) = postSolution
		SolutionGuid = {901C7073-5D79-4692-9A3F-83C242B7EFCB}
	EndGlobalSection
EndGlobal
