
Microsoft Visual Studio Solution File, Format Version 12.00
# Visual Studio Version 17
VisualStudioVersion = 17.3.32811.315
MinimumVisualStudioVersion = 10.0.40219.1
Project("{FAE04EC0-301F-11D3-BF4B-00C04F79EFBC}") = "ServiceProviderFprm", "ServiceProviderFprm\ServiceProviderFprm.csproj", "{53B92E6A-6BE1-4F4D-B864-6FF81A24AE10}"
EndProject
Global
	GlobalSection(SolutionConfigurationPlatforms) = preSolution
		Debug|Any CPU = Debug|Any CPU
		Release|Any CPU = Release|Any CPU
	EndGlobalSection
	GlobalSection(ProjectConfigurationPlatforms) = postSolution
		{53B92E6A-6BE1-4F4D-B864-6FF81A24AE10}.Debug|Any CPU.ActiveCfg = Debug|Any CPU
		{53B92E6A-6BE1-4F4D-B864-6FF81A24AE10}.Debug|Any CPU.Build.0 = Debug|Any CPU
		{53B92E6A-6BE1-4F4D-B864-6FF81A24AE10}.Release|Any CPU.ActiveCfg = Release|Any CPU
		{53B92E6A-6BE1-4F4D-B864-6FF81A24AE10}.Release|Any CPU.Build.0 = Release|Any CPU
	EndGlobalSection
	GlobalSection(SolutionProperties) = preSolution
		HideSolutionNode = FALSE
	EndGlobalSection
	GlobalSection(ExtensibilityGlobals) = postSolution
		SolutionGuid = {E562BD07-1A04-4F0E-876D-565481870263}
	EndGlobalSection
EndGlobal
